
Microsoft Visual Studio Solution File, Format Version 12.00
# Visual Studio 15
VisualStudioVersion = 15.0.27004.2009
MinimumVisualStudioVersion = 10.0.40219.1
Project("{151D2E53-A2C4-4D7D-83FE-D05416EBD58E}") = "Arm_AvailabiltySets", "Arm_AvailabiltySets\Arm_AvailabiltySets.deployproj", "{CE8F4E6D-9D9A-426F-AD04-C7B221E61F93}"
EndProject
Global
	GlobalSection(SolutionConfigurationPlatforms) = preSolution
		Debug|Any CPU = Debug|Any CPU
		Release|Any CPU = Release|Any CPU
	EndGlobalSection
	GlobalSection(ProjectConfigurationPlatforms) = postSolution
		{CE8F4E6D-9D9A-426F-AD04-C7B221E61F93}.Debug|Any CPU.ActiveCfg = Debug|Any CPU
		{CE8F4E6D-9D9A-426F-AD04-C7B221E61F93}.Debug|Any CPU.Build.0 = Debug|Any CPU
		{CE8F4E6D-9D9A-426F-AD04-C7B221E61F93}.Release|Any CPU.ActiveCfg = Release|Any CPU
		{CE8F4E6D-9D9A-426F-AD04-C7B221E61F93}.Release|Any CPU.Build.0 = Release|Any CPU
	EndGlobalSection
	GlobalSection(SolutionProperties) = preSolution
		HideSolutionNode = FALSE
	EndGlobalSection
	GlobalSection(ExtensibilityGlobals) = postSolution
		SolutionGuid = {991DC010-DF10-44FB-AF28-F1567E943DCA}
	EndGlobalSection
EndGlobal
