
Microsoft Visual Studio Solution File, Format Version 12.00
# Visual Studio 15
VisualStudioVersion = 15.0.27004.2009
MinimumVisualStudioVersion = 10.0.40219.1
Project("{151D2E53-A2C4-4D7D-83FE-D05416EBD58E}") = "virtual_network_arm_template", "virtual_network_arm_template\virtual_network_arm_template.deployproj", "{9B6715DD-C7D7-4178-A6F5-DEEE68A42EC1}"
EndProject
Global
	GlobalSection(SolutionConfigurationPlatforms) = preSolution
		Debug|Any CPU = Debug|Any CPU
		Release|Any CPU = Release|Any CPU
	EndGlobalSection
	GlobalSection(ProjectConfigurationPlatforms) = postSolution
		{9B6715DD-C7D7-4178-A6F5-DEEE68A42EC1}.Debug|Any CPU.ActiveCfg = Debug|Any CPU
		{9B6715DD-C7D7-4178-A6F5-DEEE68A42EC1}.Debug|Any CPU.Build.0 = Debug|Any CPU
		{9B6715DD-C7D7-4178-A6F5-DEEE68A42EC1}.Release|Any CPU.ActiveCfg = Release|Any CPU
		{9B6715DD-C7D7-4178-A6F5-DEEE68A42EC1}.Release|Any CPU.Build.0 = Release|Any CPU
	EndGlobalSection
	GlobalSection(SolutionProperties) = preSolution
		HideSolutionNode = FALSE
	EndGlobalSection
	GlobalSection(ExtensibilityGlobals) = postSolution
		SolutionGuid = {BE8158FA-0A81-43C1-B9A3-87A770C2BA9C}
	EndGlobalSection
EndGlobal
